{
  "name": "known-vulnerable-node-fixture",
  "lockfileVersion": 3,
  "requires": true,
  "packages": {
    "": {
      "name": "known-vulnerable-node-fixture",
      "dependencies": {
        "minimist": "0.0.8"
      }
    },
    "node_modules/minimist": {
      "version": "0.0.8",
      "resolved": "https://registry.npmjs.org/minimist/-/minimist-0.0.8.tgz",
      "integrity": "sha512-1L4k02U7J6i2gDZR6E+2K9YVZdB83MxLkG8fZ4E0yU0vQeT3GvN2L1b3V9K6sMTU0YQ9W7Y9L0E4F9E3GZ8nEA=="
    }
  }
}
